
Microsoft Visual Studio Solution File, Format Version 12.00
# Visual Studio Version 16
VisualStudioVersion = 16.0.30717.126
MinimumVisualStudioVersion = 10.0.40219.1
Project("{FAE04EC0-301F-11D3-BF4B-00C04F79EFBC}") = "GradeBook", "GradeBook\GradeBook.csproj", "{BC04F8AB-6DF8-4C01-B282-960E2678439C}"
EndProject
Project("{FAE04EC0-301F-11D3-BF4B-00C04F79EFBC}") = "XUnitTest", "XUnitTest\XUnitTest.csproj", "{12F635AC-EDF6-4F7E-B38C-96FB9BC9FD4C}"
EndProject
Global
	GlobalSection(SolutionConfigurationPlatforms) = preSolution
		Debug|Any CPU = Debug|Any CPU
		Release|Any CPU = Release|Any CPU
	EndGlobalSection
	GlobalSection(ProjectConfigurationPlatforms) = postSolution
		{BC04F8AB-6DF8-4C01-B282-960E2678439C}.Debug|Any CPU.ActiveCfg = Debug|Any CPU
		{BC04F8AB-6DF8-4C01-B282-960E2678439C}.Debug|Any CPU.Build.0 = Debug|Any CPU
		{BC04F8AB-6DF8-4C01-B282-960E2678439C}.Release|Any CPU.ActiveCfg = Release|Any CPU
		{BC04F8AB-6DF8-4C01-B282-960E2678439C}.Release|Any CPU.Build.0 = Release|Any CPU
		{12F635AC-EDF6-4F7E-B38C-96FB9BC9FD4C}.Debug|Any CPU.ActiveCfg = Debug|Any CPU
		{12F635AC-EDF6-4F7E-B38C-96FB9BC9FD4C}.Debug|Any CPU.Build.0 = Debug|Any CPU
		{12F635AC-EDF6-4F7E-B38C-96FB9BC9FD4C}.Release|Any CPU.ActiveCfg = Release|Any CPU
		{12F635AC-EDF6-4F7E-B38C-96FB9BC9FD4C}.Release|Any CPU.Build.0 = Release|Any CPU
	EndGlobalSection
	GlobalSection(SolutionProperties) = preSolution
		HideSolutionNode = FALSE
	EndGlobalSection
	GlobalSection(ExtensibilityGlobals) = postSolution
		SolutionGuid = {CB459043-A991-4691-AE12-4B48AD15E42E}
	EndGlobalSection
EndGlobal
